{
  "version": 4,
  "terraform_version": "1.3.7",
  "serial": 7,
  "lineage": "67034370-b25c-9c89-25db-5cb9c8034731",
  "outputs": {
    "sto-id": {
      "value": "/subscriptions/820916fd-30ee-47d2-817a-18d6e8073b35/resourceGroups/RG01/providers/Microsoft.Storage/storageAccounts/mellosto012",
      "type": "string"
    }
  },
  "resources": [
    {
      "mode": "managed",
      "type": "azurerm_network_security_group",
      "name": "NSG01",
      "provider": "provider[\"registry.terraform.io/hashicorp/azurerm\"]",
      "instances": [
        {
          "schema_version": 0,
          "attributes": {
            "id": "/subscriptions/820916fd-30ee-47d2-817a-18d6e8073b35/resourceGroups/VNET/providers/Microsoft.Network/networkSecurityGroups/NSG01",
            "location": "eastus",
            "name": "NSG01",
            "resource_group_name": "VNET",
            "security_rule": [
              {
                "access": "Allow",
                "description": "",
                "destination_address_prefix": "*",
                "destination_address_prefixes": [],
                "destination_application_security_group_ids": [],
                "destination_port_range": "3389",
                "destination_port_ranges": [],
                "direction": "Inbound",
                "name": "regra01",
                "priority": 100,
                "protocol": "Tcp",
                "source_address_prefix": "*",
                "source_address_prefixes": [],
                "source_application_security_group_ids": [],
                "source_port_range": "3389",
                "source_port_ranges": []
              }
            ],
            "tags": {
              "managed-by": "Terraform",
              "ower": "Mello"
            },
            "timeouts": null
          },
          "sensitive_attributes": [],
          "private": "eyJlMmJmYjczMC1lY2FhLTExZTYtOGY4OC0zNDM2M2JjN2M0YzAiOnsiY3JlYXRlIjoxODAwMDAwMDAwMDAwLCJkZWxldGUiOjE4MDAwMDAwMDAwMDAsInJlYWQiOjMwMDAwMDAwMDAwMCwidXBkYXRlIjoxODAwMDAwMDAwMDAwfX0=",
          "dependencies": [
            "azurerm_resource_group.VNET-USA"
          ]
        }
      ]
    },
    {
      "mode": "managed",
      "type": "azurerm_resource_group",
      "name": "RG01",
      "provider": "provider[\"registry.terraform.io/hashicorp/azurerm\"]",
      "instances": [
        {
          "schema_version": 0,
          "attributes": {
            "id": "/subscriptions/820916fd-30ee-47d2-817a-18d6e8073b35/resourceGroups/RG01",
            "location": "eastus",
            "name": "RG01",
            "tags": {
              "managed-by": "Terraform",
              "ower": "Mello"
            },
            "timeouts": null
          },
          "sensitive_attributes": [],
          "private": "eyJlMmJmYjczMC1lY2FhLTExZTYtOGY4OC0zNDM2M2JjN2M0YzAiOnsiY3JlYXRlIjo1NDAwMDAwMDAwMDAwLCJkZWxldGUiOjU0MDAwMDAwMDAwMDAsInJlYWQiOjMwMDAwMDAwMDAwMCwidXBkYXRlIjo1NDAwMDAwMDAwMDAwfX0="
        }
      ]
    },
    {
      "mode": "managed",
      "type": "azurerm_resource_group",
      "name": "VNET-USA",
      "provider": "provider[\"registry.terraform.io/hashicorp/azurerm\"]",
      "instances": [
        {
          "schema_version": 0,
          "attributes": {
            "id": "/subscriptions/820916fd-30ee-47d2-817a-18d6e8073b35/resourceGroups/VNET",
            "location": "eastus",
            "name": "VNET",
            "tags": {
              "managed-by": "Terraform",
              "ower": "Mello"
            },
            "timeouts": null
          },
          "sensitive_attributes": [],
          "private": "eyJlMmJmYjczMC1lY2FhLTExZTYtOGY4OC0zNDM2M2JjN2M0YzAiOnsiY3JlYXRlIjo1NDAwMDAwMDAwMDAwLCJkZWxldGUiOjU0MDAwMDAwMDAwMDAsInJlYWQiOjMwMDAwMDAwMDAwMCwidXBkYXRlIjo1NDAwMDAwMDAwMDAwfX0="
        }
      ]
    },
    {
      "mode": "managed",
      "type": "azurerm_storage_account",
      "name": "mellosto012",
      "provider": "provider[\"registry.terraform.io/hashicorp/azurerm\"]",
      "instances": [
        {
          "schema_version": 3,
          "attributes": {
            "access_tier": "Hot",
            "account_kind": "StorageV2",
            "account_replication_type": "LRS",
            "account_tier": "Standard",
            "allow_nested_items_to_be_public": true,
            "allowed_copy_scope": "",
            "azure_files_authentication": [],
            "blob_properties": [
              {
                "change_feed_enabled": false,
                "change_feed_retention_in_days": 0,
                "container_delete_retention_policy": [],
                "cors_rule": [],
                "default_service_version": "",
                "delete_retention_policy": [],
                "last_access_time_enabled": false,
                "restore_policy": [],
                "versioning_enabled": true
              }
            ],
            "cross_tenant_replication_enabled": true,
            "custom_domain": [],
            "customer_managed_key": [],
            "default_to_oauth_authentication": false,
            "edge_zone": "",
            "enable_https_traffic_only": true,
            "id": "/subscriptions/820916fd-30ee-47d2-817a-18d6e8073b35/resourceGroups/RG01/providers/Microsoft.Storage/storageAccounts/mellosto012",
            "identity": [],
            "immutability_policy": [],
            "infrastructure_encryption_enabled": false,
            "is_hns_enabled": false,
            "large_file_share_enabled": null,
            "location": "eastus",
            "min_tls_version": "TLS1_2",
            "name": "mellosto012",
            "network_rules": [
              {
                "bypass": [
                  "AzureServices"
                ],
                "default_action": "Allow",
                "ip_rules": [],
                "private_link_access": [],
                "virtual_network_subnet_ids": []
              }
            ],
            "nfsv3_enabled": false,
            "primary_access_key": "h+6hXx0e7m71GyOv2EBbn6atfnB/TSqeiTbivkeIqG/fE93+T+bJpm/hcl8OblHgtmo/oY5JTz71+AStf1ELJA==",
            "primary_blob_connection_string": "DefaultEndpointsProtocol=https;BlobEndpoint=https://mellosto012.blob.core.windows.net/;AccountName=mellosto012;AccountKey=h+6hXx0e7m71GyOv2EBbn6atfnB/TSqeiTbivkeIqG/fE93+T+bJpm/hcl8OblHgtmo/oY5JTz71+AStf1ELJA==",
            "primary_blob_endpoint": "https://mellosto012.blob.core.windows.net/",
            "primary_blob_host": "mellosto012.blob.core.windows.net",
            "primary_connection_string": "DefaultEndpointsProtocol=https;AccountName=mellosto012;AccountKey=h+6hXx0e7m71GyOv2EBbn6atfnB/TSqeiTbivkeIqG/fE93+T+bJpm/hcl8OblHgtmo/oY5JTz71+AStf1ELJA==;EndpointSuffix=core.windows.net",
            "primary_dfs_endpoint": "https://mellosto012.dfs.core.windows.net/",
            "primary_dfs_host": "mellosto012.dfs.core.windows.net",
            "primary_file_endpoint": "https://mellosto012.file.core.windows.net/",
            "primary_file_host": "mellosto012.file.core.windows.net",
            "primary_location": "eastus",
            "primary_queue_endpoint": "https://mellosto012.queue.core.windows.net/",
            "primary_queue_host": "mellosto012.queue.core.windows.net",
            "primary_table_endpoint": "https://mellosto012.table.core.windows.net/",
            "primary_table_host": "mellosto012.table.core.windows.net",
            "primary_web_endpoint": "https://mellosto012.z13.web.core.windows.net/",
            "primary_web_host": "mellosto012.z13.web.core.windows.net",
            "public_network_access_enabled": true,
            "queue_encryption_key_type": "Service",
            "queue_properties": [
              {
                "cors_rule": [],
                "hour_metrics": [
                  {
                    "enabled": true,
                    "include_apis": true,
                    "retention_policy_days": 7,
                    "version": "1.0"
                  }
                ],
                "logging": [
                  {
                    "delete": false,
                    "read": false,
                    "retention_policy_days": 0,
                    "version": "1.0",
                    "write": false
                  }
                ],
                "minute_metrics": [
                  {
                    "enabled": false,
                    "include_apis": false,
                    "retention_policy_days": 0,
                    "version": "1.0"
                  }
                ]
              }
            ],
            "resource_group_name": "RG01",
            "routing": [],
            "sas_policy": [],
            "secondary_access_key": "qbNMO+oQxVZuespTm6M76G9zEULUAbDalHSpOtByfEDkj91BFHVQHGoAarFmpSlVx8G8av6MmTX3+AStALrfnw==",
            "secondary_blob_connection_string": "",
            "secondary_blob_endpoint": null,
            "secondary_blob_host": null,
            "secondary_connection_string": "DefaultEndpointsProtocol=https;AccountName=mellosto012;AccountKey=qbNMO+oQxVZuespTm6M76G9zEULUAbDalHSpOtByfEDkj91BFHVQHGoAarFmpSlVx8G8av6MmTX3+AStALrfnw==;EndpointSuffix=core.windows.net",
            "secondary_dfs_endpoint": null,
            "secondary_dfs_host": null,
            "secondary_file_endpoint": null,
            "secondary_file_host": null,
            "secondary_location": "",
            "secondary_queue_endpoint": null,
            "secondary_queue_host": null,
            "secondary_table_endpoint": null,
            "secondary_table_host": null,
            "secondary_web_endpoint": null,
            "secondary_web_host": null,
            "sftp_enabled": false,
            "share_properties": [
              {
                "cors_rule": [],
                "retention_policy": [
                  {
                    "days": 7
                  }
                ],
                "smb": []
              }
            ],
            "shared_access_key_enabled": true,
            "static_website": [],
            "table_encryption_key_type": "Service",
            "tags": {
              "managed-by": "Terraform",
              "ower": "Mello"
            },
            "timeouts": null
          },
          "sensitive_attributes": [],
          "private": "eyJlMmJmYjczMC1lY2FhLTExZTYtOGY4OC0zNDM2M2JjN2M0YzAiOnsiY3JlYXRlIjozNjAwMDAwMDAwMDAwLCJkZWxldGUiOjM2MDAwMDAwMDAwMDAsInJlYWQiOjMwMDAwMDAwMDAwMCwidXBkYXRlIjozNjAwMDAwMDAwMDAwfSwic2NoZW1hX3ZlcnNpb24iOiIzIn0=",
          "dependencies": [
            "azurerm_resource_group.RG01"
          ]
        }
      ]
    },
    {
      "mode": "managed",
      "type": "azurerm_storage_container",
      "name": "dados",
      "provider": "provider[\"registry.terraform.io/hashicorp/azurerm\"]",
      "instances": [
        {
          "schema_version": 1,
          "attributes": {
            "container_access_type": "private",
            "has_immutability_policy": false,
            "has_legal_hold": false,
            "id": "https://mellosto012.blob.core.windows.net/ct-dados",
            "metadata": {},
            "name": "ct-dados",
            "resource_manager_id": "/subscriptions/820916fd-30ee-47d2-817a-18d6e8073b35/resourceGroups/RG01/providers/Microsoft.Storage/storageAccounts/mellosto012/blobServices/default/containers/ct-dados",
            "storage_account_name": "mellosto012",
            "timeouts": null
          },
          "sensitive_attributes": [],
          "private": "eyJlMmJmYjczMC1lY2FhLTExZTYtOGY4OC0zNDM2M2JjN2M0YzAiOnsiY3JlYXRlIjoxODAwMDAwMDAwMDAwLCJkZWxldGUiOjE4MDAwMDAwMDAwMDAsInJlYWQiOjMwMDAwMDAwMDAwMCwidXBkYXRlIjoxODAwMDAwMDAwMDAwfSwic2NoZW1hX3ZlcnNpb24iOiIxIn0=",
          "dependencies": [
            "azurerm_resource_group.RG01",
            "azurerm_storage_account.mellosto012"
          ]
        }
      ]
    },
    {
      "mode": "managed",
      "type": "azurerm_subnet",
      "name": "SUB01",
      "provider": "provider[\"registry.terraform.io/hashicorp/azurerm\"]",
      "instances": [
        {
          "schema_version": 0,
          "attributes": {
            "address_prefixes": [
              "10.10.2.0/24"
            ],
            "delegation": [],
            "enforce_private_link_endpoint_network_policies": false,
            "enforce_private_link_service_network_policies": false,
            "id": "/subscriptions/820916fd-30ee-47d2-817a-18d6e8073b35/resourceGroups/VNET/providers/Microsoft.Network/virtualNetworks/VNET01/subnets/SUB01",
            "name": "SUB01",
            "private_endpoint_network_policies_enabled": true,
            "private_link_service_network_policies_enabled": true,
            "resource_group_name": "VNET",
            "service_endpoint_policy_ids": null,
            "service_endpoints": null,
            "timeouts": null,
            "virtual_network_name": "VNET01"
          },
          "sensitive_attributes": [],
          "private": "eyJlMmJmYjczMC1lY2FhLTExZTYtOGY4OC0zNDM2M2JjN2M0YzAiOnsiY3JlYXRlIjoxODAwMDAwMDAwMDAwLCJkZWxldGUiOjE4MDAwMDAwMDAwMDAsInJlYWQiOjMwMDAwMDAwMDAwMCwidXBkYXRlIjoxODAwMDAwMDAwMDAwfX0=",
          "dependencies": [
            "azurerm_resource_group.VNET-USA",
            "azurerm_virtual_network.VNET01"
          ]
        }
      ]
    },
    {
      "mode": "managed",
      "type": "azurerm_virtual_network",
      "name": "VNET01",
      "provider": "provider[\"registry.terraform.io/hashicorp/azurerm\"]",
      "instances": [
        {
          "schema_version": 0,
          "attributes": {
            "address_space": [
              "10.10.0.0/16"
            ],
            "bgp_community": "",
            "ddos_protection_plan": [],
            "dns_servers": [
              "8.8.8.8",
              "1.1.1.1"
            ],
            "edge_zone": "",
            "flow_timeout_in_minutes": 0,
            "guid": "b25be6cd-01e8-4c34-aa96-75eb9535aca6",
            "id": "/subscriptions/820916fd-30ee-47d2-817a-18d6e8073b35/resourceGroups/VNET/providers/Microsoft.Network/virtualNetworks/VNET01",
            "location": "eastus",
            "name": "VNET01",
            "resource_group_name": "VNET",
            "subnet": [],
            "tags": {
              "managed-by": "Terraform",
              "ower": "Mello"
            },
            "timeouts": null
          },
          "sensitive_attributes": [],
          "private": "eyJlMmJmYjczMC1lY2FhLTExZTYtOGY4OC0zNDM2M2JjN2M0YzAiOnsiY3JlYXRlIjoxODAwMDAwMDAwMDAwLCJkZWxldGUiOjE4MDAwMDAwMDAwMDAsInJlYWQiOjMwMDAwMDAwMDAwMCwidXBkYXRlIjoxODAwMDAwMDAwMDAwfX0=",
          "dependencies": [
            "azurerm_resource_group.VNET-USA"
          ]
        }
      ]
    }
  ],
  "check_results": null
}
